github.com/elahe-dastan/trunk v0.0.0-20210130155227-08788ec8378d h1:kX1patO19IWH8w66yD97Q9XVtOdaNqgx7tS/Rqy1Tdo=
github.com/elahe-dastan/trunk v0.0.0-20210130155711-0b51ade5be92 h1:8mXnEAsfLXolldMYjNOln9HZT3u7fcOhbW70guBVbNU=
github.com/elahe-dastan/trunk v0.0.0-20210130155711-0b51ade5be92/go.mod h1:Zu/hIOqq3LVvh1iV2vggKApm/4R2rG+D1D8OiwmY0t0=
