github.com/elahe-dastan/trunk v0.0.0-20210130213157-867e73ffdb6e h1:6mZFivOQzUqYvlLEyQ60ZClWj7OOtWr9/l8uiYmGUX0=
github.com/elahe-dastan/trunk v0.0.0-20210130213157-867e73ffdb6e/go.mod h1:Zu/hIOqq3LVvh1iV2vggKApm/4R2rG+D1D8OiwmY0t0=
github.com/elahe-dastan/trunk v0.0.0-20210131113909-4da9e4e3c142 h1:jMOP8rHUdy3GCaz/Pl7dqhpmZtTSqW3KJQlD0CejY9k=
github.com/elahe-dastan/trunk v0.0.0-20210131113909-4da9e4e3c142/go.mod h1:Zu/hIOqq3LVvh1iV2vggKApm/4R2rG+D1D8OiwmY0t0=
github.com/elahe-dastan/trunk v0.0.0-20210131132619-58e668c49d6e h1:9Hr5qwga39Q+6WWaOV4JKcFmBowxwZSWLyGbQM4hJNc=
github.com/elahe-dastan/trunk v0.0.0-20210131132619-58e668c49d6e/go.mod h1:Zu/hIOqq3LVvh1iV2vggKApm/4R2rG+D1D8OiwmY0t0=
